
Microsoft Visual Studio Solution File, Format Version 12.00
# Visual Studio 15
VisualStudioVersion = 15.0.27004.2008
MinimumVisualStudioVersion = 10.0.40219.1
Project("{FAE04EC0-301F-11D3-BF4B-00C04F79EFBC}") = "DevOpsDotnetSolution", "DevOpsDotnetSolution\DevOpsDotnetSolution.csproj", "{76AE8712-620D-4949-B431-491732248FB3}"
EndProject
Project("{FAE04EC0-301F-11D3-BF4B-00C04F79EFBC}") = "DevOpsDotnetSolution.Tests", "DevOpsDotnetSolution.Tests\DevOpsDotnetSolution.Tests.csproj", "{A17E3DEA-0BA5-45E4-AD2C-FE7B4E600E93}"
EndProject
Global
	GlobalSection(SolutionConfigurationPlatforms) = preSolution
		Debug|Any CPU = Debug|Any CPU
		Release|Any CPU = Release|Any CPU
	EndGlobalSection
	GlobalSection(ProjectConfigurationPlatforms) = postSolution
		{76AE8712-620D-4949-B431-491732248FB3}.Debug|Any CPU.ActiveCfg = Debug|Any CPU
		{76AE8712-620D-4949-B431-491732248FB3}.Debug|Any CPU.Build.0 = Debug|Any CPU
		{76AE8712-620D-4949-B431-491732248FB3}.Release|Any CPU.ActiveCfg = Release|Any CPU
		{76AE8712-620D-4949-B431-491732248FB3}.Release|Any CPU.Build.0 = Release|Any CPU
		{A17E3DEA-0BA5-45E4-AD2C-FE7B4E600E93}.Debug|Any CPU.ActiveCfg = Debug|Any CPU
		{A17E3DEA-0BA5-45E4-AD2C-FE7B4E600E93}.Debug|Any CPU.Build.0 = Debug|Any CPU
		{A17E3DEA-0BA5-45E4-AD2C-FE7B4E600E93}.Release|Any CPU.ActiveCfg = Release|Any CPU
		{A17E3DEA-0BA5-45E4-AD2C-FE7B4E600E93}.Release|Any CPU.Build.0 = Release|Any CPU
	EndGlobalSection
	GlobalSection(SolutionProperties) = preSolution
		HideSolutionNode = FALSE
	EndGlobalSection
	GlobalSection(ExtensibilityGlobals) = postSolution
		SolutionGuid = {7479F314-C5B2-455B-A77C-39C71218ECAE}
	EndGlobalSection
EndGlobal
